// !$*UTF8*$!
{
	archiveVersion = 1;
	classes = {
	};
	objectVersion = 48;
	objects = {

/* Begin PBXBuildFile section */
		59E9497D1FFDB91A0092A40C /* AppDelegate.m in Sources */ = {isa = PBXBuildFile; fileRef = 59E9497C1FFDB91A0092A40C /* AppDelegate.m */; };
		59E949831FFDB91A0092A40C /* Main.storyboard in Resources */ = {isa = PBXBuildFile; fileRef = 59E949811FFDB91A0092A40C /* Main.storyboard */; };
		59E949851FFDB91A0092A40C /* Assets.xcassets in Resources */ = {isa = PBXBuildFile; fileRef = 59E949841FFDB91A0092A40C /* Assets.xcassets */; };
		59E949881FFDB91A0092A40C /* LaunchScreen.storyboard in Resources */ = {isa = PBXBuildFile; fileRef = 59E949861FFDB91A0092A40C /* LaunchScreen.storyboard */; };
		59E9498B1FFDB91A0092A40C /* main.m in Sources */ = {isa = PBXBuildFile; fileRef = 59E9498A1FFDB91A0092A40C /* main.m */; };
		59E949931FFDBA190092A40C /* RoomListViewController.m in Sources */ = {isa = PBXBuildFile; fileRef = 59E949921FFDBA190092A40C /* RoomListViewController.m */; };
		59E949961FFDBA860092A40C /* ExamRoom.m in Sources */ = {isa = PBXBuildFile; fileRef = 59E949951FFDBA860092A40C /* ExamRoom.m */; };
/* End PBXBuildFile section */

/* Begin PBXFileReference section */
		59E949781FFDB91A0092A40C /* StoryboardUpdateConstraintsDemo.app */ = {isa = PBXFileReference; explicitFileType = wrapper.application; includeInIndex = 0; path = StoryboardUpdateConstraintsDemo.app; sourceTree = BUILT_PRODUCTS_DIR; };
		59E9497B1FFDB91A0092A40C /* AppDelegate.h */ = {isa = PBXFileReference; lastKnownFileType = sourcecode.c.h; path = AppDelegate.h; sourceTree = "<group>"; };
		59E9497C1FFDB91A0092A40C /* AppDelegate.m */ = {isa = PBXFileReference; lastKnownFileType = sourcecode.c.objc; path = AppDelegate.m; sourceTree = "<group>"; };
		59E949821FFDB91A0092A40C /* Base */ = {isa = PBXFileReference; lastKnownFileType = file.storyboard; name = Base; path = Base.lproj/Main.storyboard; sourceTree = "<group>"; };
		59E949841FFDB91A0092A40C /* Assets.xcassets */ = {isa = PBXFileReference; lastKnownFileType = folder.assetcatalog; path = Assets.xcassets; sourceTree = "<group>"; };
		59E949871FFDB91A0092A40C /* Base */ = {isa = PBXFileReference; lastKnownFileType = file.storyboard; name = Base; path = Base.lproj/LaunchScreen.storyboard; sourceTree = "<group>"; };
		59E949891FFDB91A0092A40C /* Info.plist */ = {isa = PBXFileReference; lastKnownFileType = text.plist.xml; path = Info.plist; sourceTree = "<group>"; };
		59E9498A1FFDB91A0092A40C /* main.m */ = {isa = PBXFileReference; lastKnownFileType = sourcecode.c.objc; path = main.m; sourceTree = "<group>"; };
		59E949911FFDBA190092A40C /* RoomListViewController.h */ = {isa = PBXFileReference; lastKnownFileType = sourcecode.c.h; path = RoomListViewController.h; sourceTree = "<group>"; };
		59E949921FFDBA190092A40C /* RoomListViewController.m */ = {isa = PBXFileReference; lastKnownFileType = sourcecode.c.objc; path = RoomListViewController.m; sourceTree = "<group>"; };
		59E949941FFDBA860092A40C /* ExamRoom.h */ = {isa = PBXFileReference; lastKnownFileType = sourcecode.c.h; path = ExamRoom.h; sourceTree = "<group>"; };
		59E949951FFDBA860092A40C /* ExamRoom.m */ = {isa = PBXFileReference; lastKnownFileType = sourcecode.c.objc; path = ExamRoom.m; sourceTree = "<group>"; };
/* End PBXFileReference section */

/* Begin PBXFrameworksBuildPhase section */
		59E949751FFDB91A0092A40C /* Frameworks */ = {
			isa = PBXFrameworksBuildPhase;
			buildActionMask = 2147483647;
			files = (
			);
			runOnlyForDeploymentPostprocessing = 0;
		};
/* End PBXFrameworksBuildPhase section */

/* Begin PBXGroup section */
		59E9496F1FFDB91A0092A40C = {
			isa = PBXGroup;
			children = (
				59E9497A1FFDB91A0092A40C /* StoryboardUpdateConstraintsDemo */,
				59E949791FFDB91A0092A40C /* Products */,
			);
			sourceTree = "<group>";
		};
		59E949791FFDB91A0092A40C /* Products */ = {
			isa = PBXGroup;
			children = (
				59E949781FFDB91A0092A40C /* StoryboardUpdateConstraintsDemo.app */,
			);
			name = Products;
			sourceTree = "<group>";
		};
		59E9497A1FFDB91A0092A40C /* StoryboardUpdateConstraintsDemo */ = {
			isa = PBXGroup;
			children = (
				59E9497B1FFDB91A0092A40C /* AppDelegate.h */,
				59E9497C1FFDB91A0092A40C /* AppDelegate.m */,
				59E949941FFDBA860092A40C /* ExamRoom.h */,
				59E949951FFDBA860092A40C /* ExamRoom.m */,
				59E949911FFDBA190092A40C /* RoomListViewController.h */,
				59E949921FFDBA190092A40C /* RoomListViewController.m */,
				59E949811FFDB91A0092A40C /* Main.storyboard */,
				59E949841FFDB91A0092A40C /* Assets.xcassets */,
				59E949861FFDB91A0092A40C /* LaunchScreen.storyboard */,
				59E949891FFDB91A0092A40C /* Info.plist */,
				59E9498A1FFDB91A0092A40C /* main.m */,
			);
			path = StoryboardUpdateConstraintsDemo;
			sourceTree = "<group>";
		};
/* End PBXGroup section */

/* Begin PBXNativeTarget section */
		59E949771FFDB91A0092A40C /* StoryboardUpdateConstraintsDemo */ = {
			isa = PBXNativeTarget;
			buildConfigurationList = 59E9498E1FFDB91A0092A40C /* Build configuration list for PBXNativeTarget "StoryboardUpdateConstraintsDemo" */;
			buildPhases = (
				59E949741FFDB91A0092A40C /* Sources */,
				59E949751FFDB91A0092A40C /* Frameworks */,
				59E949761FFDB91A0092A40C /* Resources */,
			);
			buildRules = (
			);
			dependencies = (
			);
			name = StoryboardUpdateConstraintsDemo;
			productName = StoryboardUpdateConstraintsDemo;
			productReference = 59E949781FFDB91A0092A40C /* StoryboardUpdateConstraintsDemo.app */;
			productType = "com.apple.product-type.application";
		};
/* End PBXNativeTarget section */

/* Begin PBXProject section */
		59E949701FFDB91A0092A40C /* Project object */ = {
			isa = PBXProject;
			attributes = {
				LastUpgradeCheck = 0920;
				ORGANIZATIONNAME = YANGGL;
				TargetAttributes = {
					59E949771FFDB91A0092A40C = {
						CreatedOnToolsVersion = 9.2;
						ProvisioningStyle = Manual;
					};
				};
			};
			buildConfigurationList = 59E949731FFDB91A0092A40C /* Build configuration list for PBXProject "StoryboardUpdateConstraintsDemo" */;
			compatibilityVersion = "Xcode 8.0";
			developmentRegion = en;
			hasScannedForEncodings = 0;
			knownRegions = (
				en,
				Base,
			);
			mainGroup = 59E9496F1FFDB91A0092A40C;
			productRefGroup = 59E949791FFDB91A0092A40C /* Products */;
			projectDirPath = "";
			projectRoot = "";
			targets = (
				59E949771FFDB91A0092A40C /* StoryboardUpdateConstraintsDemo */,
			);
		};
/* End PBXProject section */

/* Begin PBXResourcesBuildPhase section */
		59E949761FFDB91A0092A40C /* Resources */ = {
			isa = PBXResourcesBuildPhase;
			buildActionMask = 2147483647;
			files = (
				59E949881FFDB91A0092A40C /* LaunchScreen.storyboard in Resources */,
				59E949851FFDB91A0092A40C /* Assets.xcassets in Resources */,
				59E949831FFDB91A0092A40C /* Main.storyboard in Resources */,
			);
			runOnlyForDeploymentPostprocessing = 0;
		};
/* End PBXResourcesBuildPhase section */

/* Begin PBXSourcesBuildPhase section */
		59E949741FFDB91A0092A40C /* Sources */ = {
			isa = PBXSourcesBuildPhase;
			buildActionMask = 2147483647;
			files = (
				59E9498B1FFDB91A0092A40C /* main.m in Sources */,
				59E949961FFDBA860092A40C /* ExamRoom.m in Sources */,
				59E949931FFDBA190092A40C /* RoomListViewController.m in Sources */,
				59E9497D1FFDB91A0092A40C /* AppDelegate.m in Sources */,
			);
			runOnlyForDeploymentPostprocessing = 0;
		};
/* End PBXSourcesBuildPhase section */

/* Begin PBXVariantGroup section */
		59E949811FFDB91A0092A40C /* Main.storyboard */ = {
			isa = PBXVariantGroup;
			children = (
				59E949821FFDB91A0092A40C /* Base */,
			);
			name = Main.storyboard;
			sourceTree = "<group>";
		};
		59E949861FFDB91A0092A40C /* LaunchScreen.storyboard */ = {
			isa = PBXVariantGroup;
			children = (
				59E949871FFDB91A0092A40C /* Base */,
			);
			name = LaunchScreen.storyboard;
			sourceTree = "<group>";
		};
/* End PBXVariantGroup section */

/* Begin XCBuildConfiguration section */
		59E9498C1FFDB91A0092A40C /* Debug */ = {
			isa = XCBuildConfiguration;
			buildSettings = {
				ALWAYS_SEARCH_USER_PATHS = NO;
				CLANG_ANALYZER_NONNULL = YES;
				CLANG_ANALYZER_NUMBER_OBJECT_CONVERSION = YES_AGGRESSIVE;
				CLANG_CXX_LANGUAGE_STANDARD = "gnu++14";
				CLANG_CXX_LIBRARY = "libc++";
				CLANG_ENABLE_MODULES = YES;
				CLANG_ENABLE_OBJC_ARC = YES;
				CLANG_WARN_BLOCK_CAPTURE_AUTORELEASING = YES;
				CLANG_WARN_BOOL_CONVERSION = YES;
				CLANG_WARN_COMMA = YES;
				CLANG_WARN_CONSTANT_CONVERSION = YES;
				CLANG_WARN_DIRECT_OBJC_ISA_USAGE = YES_ERROR;
				CLANG_WARN_DOCUMENTATION_COMMENTS = YES;
				CLANG_WARN_EMPTY_BODY = YES;
				CLANG_WARN_ENUM_CONVERSION = YES;
				CLANG_WARN_INFINITE_RECURSION = YES;
				CLANG_WARN_INT_CONVERSION = YES;
				CLANG_WARN_NON_LITERAL_NULL_CONVERSION = YES;
				CLANG_WARN_OBJC_LITERAL_CONVERSION = YES;
				CLANG_WARN_OBJC_ROOT_CLASS = YES_ERROR;
				CLANG_WARN_RANGE_LOOP_ANALYSIS = YES;
				CLANG_WARN_STRICT_PROTOTYPES = YES;
				CLANG_WARN_SUSPICIOUS_MOVE = YES;
				CLANG_WARN_UNGUARDED_AVAILABILITY = YES_AGGRESSIVE;
				CLANG_WARN_UNREACHABLE_CODE = YES;
				CLANG_WARN__DUPLICATE_METHOD_MATCH = YES;
				CODE_SIGN_IDENTITY = "iPhone Developer";
				COPY_PHASE_STRIP = NO;
				DEBUG_INFORMATION_FORMAT = dwarf;
				ENABLE_STRICT_OBJC_MSGSEND = YES;
				ENABLE_TESTABILITY = YES;
				GCC_C_LANGUAGE_STANDARD = gnu11;
				GCC_DYNAMIC_NO_PIC = NO;
				GCC_NO_COMMON_BLOCKS = YES;
				GCC_OPTIMIZATION_LEVEL = 0;
				GCC_PREPROCESSOR_DEFINITIONS = (
					"DEBUG=1",
					"$(inherited)",
				);
				GCC_WARN_64_TO_32_BIT_CONVERSION = YES;
				GCC_WARN_ABOUT_RETURN_TYPE = YES_ERROR;
				GCC_WARN_UNDECLARED_SELECTOR = YES;
				GCC_WARN_UNINITIALIZED_AUTOS = YES_AGGRESSIVE;
				GCC_WARN_UNUSED_FUNCTION = YES;
				GCC_WARN_UNUSED_VARIABLE = YES;
				IPHONEOS_DEPLOYMENT_TARGET = 11.2;
				MTL_ENABLE_DEBUG_INFO = YES;
				ONLY_ACTIVE_ARCH = YES;
				SDKROOT = iphoneos;
			};
			name = Debug;
		};
		59E9498D1FFDB91A0092A40C /* Release */ = {
			isa = XCBuildConfiguration;
			buildSettings = {
				ALWAYS_SEARCH_USER_PATHS = NO;
				CLANG_ANALYZER_NONNULL = YES;
				CLANG_ANALYZER_NUMBER_OBJECT_CONVERSION = YES_AGGRESSIVE;
				CLANG_CXX_LANGUAGE_STANDARD = "gnu++14";
				CLANG_CXX_LIBRARY = "libc++";
				CLANG_ENABLE_MODULES = YES;
				CLANG_ENABLE_OBJC_ARC = YES;
				CLANG_WARN_BLOCK_CAPTURE_AUTORELEASING = YES;
				CLANG_WARN_BOOL_CONVERSION = YES;
				CLANG_WARN_COMMA = YES;
				CLANG_WARN_CONSTANT_CONVERSION = YES;
				CLANG_WARN_DIRECT_OBJC_ISA_USAGE = YES_ERROR;
				CLANG_WARN_DOCUMENTATION_COMMENTS = YES;
				CLANG_WARN_EMPTY_BODY = YES;
				CLANG_WARN_ENUM_CONVERSION = YES;
				CLANG_WARN_INFINITE_RECURSION = YES;
				CLANG_WARN_INT_CONVERSION = YES;
				CLANG_WARN_NON_LITERAL_NULL_CONVERSION = YES;
				CLANG_WARN_OBJC_LITERAL_CONVERSION = YES;
				CLANG_WARN_OBJC_ROOT_CLASS = YES_ERROR;
				CLANG_WARN_RANGE_LOOP_ANALYSIS = YES;
				CLANG_WARN_STRICT_PROTOTYPES = YES;
				CLANG_WARN_SUSPICIOUS_MOVE = YES;
				CLANG_WARN_UNGUARDED_AVAILABILITY = YES_AGGRESSIVE;
				CLANG_WARN_UNREACHABLE_CODE = YES;
				CLANG_WARN__DUPLICATE_METHOD_MATCH = YES;
				CODE_SIGN_IDENTITY = "iPhone Developer";
				COPY_PHASE_STRIP = NO;
				DEBUG_INFORMATION_FORMAT = "dwarf-with-dsym";
				ENABLE_NS_ASSERTIONS = NO;
				ENABLE_STRICT_OBJC_MSGSEND = YES;
				GCC_C_LANGUAGE_STANDARD = gnu11;
				GCC_NO_COMMON_BLOCKS = YES;
				GCC_WARN_64_TO_32_BIT_CONVERSION = YES;
				GCC_WARN_ABOUT_RETURN_TYPE = YES_ERROR;
				GCC_WARN_UNDECLARED_SELECTOR = YES;
				GCC_WARN_UNINITIALIZED_AUTOS = YES_AGGRESSIVE;
				GCC_WARN_UNUSED_FUNCTION = YES;
				GCC_WARN_UNUSED_VARIABLE = YES;
				IPHONEOS_DEPLOYMENT_TARGET = 11.2;
				MTL_ENABLE_DEBUG_INFO = NO;
				SDKROOT = iphoneos;
				VALIDATE_PRODUCT = YES;
			};
			name = Release;
		};
		59E9498F1FFDB91A0092A40C /* Debug */ = {
			isa = XCBuildConfiguration;
			buildSettings = {
				ASSETCATALOG_COMPILER_APPICON_NAME = AppIcon;
				CODE_SIGN_STYLE = Manual;
				DEVELOPMENT_TEAM = "";
				INFOPLIST_FILE = StoryboardUpdateConstraintsDemo/Info.plist;
				LD_RUNPATH_SEARCH_PATHS = "$(inherited) @executable_path/Frameworks";
				PRODUCT_BUNDLE_IDENTIFIER = com.vnetoo.examvediomanager.StoryboardUpdateConstraintsDemo;
				PRODUCT_NAME = "$(TARGET_NAME)";
				PROVISIONING_PROFILE_SPECIFIER = "";
				TARGETED_DEVICE_FAMILY = "1,2";
			};
			name = Debug;
		};
		59E949901FFDB91A0092A40C /* Release */ = {
			isa = XCBuildConfiguration;
			buildSettings = {
				ASSETCATALOG_COMPILER_APPICON_NAME = AppIcon;
				CODE_SIGN_STYLE = Manual;
				DEVELOPMENT_TEAM = "";
				INFOPLIST_FILE = StoryboardUpdateConstraintsDemo/Info.plist;
				LD_RUNPATH_SEARCH_PATHS = "$(inherited) @executable_path/Frameworks";
				PRODUCT_BUNDLE_IDENTIFIER = com.vnetoo.examvediomanager.StoryboardUpdateConstraintsDemo;
				PRODUCT_NAME = "$(TARGET_NAME)";
				PROVISIONING_PROFILE_SPECIFIER = "";
				TARGETED_DEVICE_FAMILY = "1,2";
			};
			name = Release;
		};
/* End XCBuildConfiguration section */

/* Begin XCConfigurationList section */
		59E949731FFDB91A0092A40C /* Build configuration list for PBXProject "StoryboardUpdateConstraintsDemo" */ = {
			isa = XCConfigurationList;
			buildConfigurations = (
				59E9498C1FFDB91A0092A40C /* Debug */,
				59E9498D1FFDB91A0092A40C /* Release */,
			);
			defaultConfigurationIsVisible = 0;
			defaultConfigurationName = Release;
		};
		59E9498E1FFDB91A0092A40C /* Build configuration list for PBXNativeTarget "StoryboardUpdateConstraintsDemo" */ = {
			isa = XCConfigurationList;
			buildConfigurations = (
				59E9498F1FFDB91A0092A40C /* Debug */,
				59E949901FFDB91A0092A40C /* Release */,
			);
			defaultConfigurationIsVisible = 0;
			defaultConfigurationName = Release;
		};
/* End XCConfigurationList section */
	};
	rootObject = 59E949701FFDB91A0092A40C /* Project object */;
}
